// !$*UTF8*$!
{
	archiveVersion = 1;
	classes = {
	};
	objectVersion = 50;
	objects = {

/* Begin PBXBuildFile section */
		323F1FEA25B892E200C8C84F /* SourcesService.swift in Sources */ = {isa = PBXBuildFile; fileRef = 323F1FE925B892E200C8C84F /* SourcesService.swift */; };
		323F1FEF25B8959800C8C84F /* SourcePill.swift in Sources */ = {isa = PBXBuildFile; fileRef = 323F1FEE25B8959800C8C84F /* SourcePill.swift */; };
		323F1FF425B895C500C8C84F /* SourcesCollection.swift in Sources */ = {isa = PBXBuildFile; fileRef = 323F1FF325B895C500C8C84F /* SourcesCollection.swift */; };
		3269CB8925B74E0100E8E37F /* TabbedView.swift in Sources */ = {isa = PBXBuildFile; fileRef = 3269CB8825B74E0100E8E37F /* TabbedView.swift */; };
		3269CB8D25B74F1B00E8E37F /* SettingsView.swift in Sources */ = {isa = PBXBuildFile; fileRef = 3269CB8C25B74F1B00E8E37F /* SettingsView.swift */; };
		327D7EC025BC8C7E00FF5CC0 /* BaseViewModel.swift in Sources */ = {isa = PBXBuildFile; fileRef = 327D7EBF25BC8C7E00FF5CC0 /* BaseViewModel.swift */; };
		327D7EC825BC94F000FF5CC0 /* SettingsViewModel.swift in Sources */ = {isa = PBXBuildFile; fileRef = 327D7EC725BC94F000FF5CC0 /* SettingsViewModel.swift */; };
		327D7ECB25BC95DF00FF5CC0 /* DataStore.swift in Sources */ = {isa = PBXBuildFile; fileRef = 327D7ECA25BC95DF00FF5CC0 /* DataStore.swift */; };
		327D7ECE25BC9E8900FF5CC0 /* SelectCountryView.swift in Sources */ = {isa = PBXBuildFile; fileRef = 327D7ECD25BC9E8900FF5CC0 /* SelectCountryView.swift */; };
		327D7ED125BC9E9200FF5CC0 /* SelectCountryViewModel.swift in Sources */ = {isa = PBXBuildFile; fileRef = 327D7ED025BC9E9200FF5CC0 /* SelectCountryViewModel.swift */; };
		327D7ED625BCA22300FF5CC0 /* SelectSourceView.swift in Sources */ = {isa = PBXBuildFile; fileRef = 327D7ED525BCA22300FF5CC0 /* SelectSourceView.swift */; };
		327D7EDB25BCA24800FF5CC0 /* SelectLanguageView.swift in Sources */ = {isa = PBXBuildFile; fileRef = 327D7EDA25BCA24800FF5CC0 /* SelectLanguageView.swift */; };
		3288E6D625BB531A0011C986 /* Alerts.swift in Sources */ = {isa = PBXBuildFile; fileRef = 3288E6D525BB531A0011C986 /* Alerts.swift */; };
		3297149525B856CF000107F5 /* Source.swift in Sources */ = {isa = PBXBuildFile; fileRef = 3297149425B856CF000107F5 /* Source.swift */; };
		3297149825B856F3000107F5 /* Article.swift in Sources */ = {isa = PBXBuildFile; fileRef = 3297149725B856F3000107F5 /* Article.swift */; };
		3297149B25B85708000107F5 /* Responses.swift in Sources */ = {isa = PBXBuildFile; fileRef = 3297149A25B85708000107F5 /* Responses.swift */; };
		3297149E25B85810000107F5 /* HeadlinesService.swift in Sources */ = {isa = PBXBuildFile; fileRef = 3297149D25B85810000107F5 /* HeadlinesService.swift */; };
		329714A425B858E4000107F5 /* EndPoints.swift in Sources */ = {isa = PBXBuildFile; fileRef = 329714A325B858E4000107F5 /* EndPoints.swift */; };
		329714A825B85A05000107F5 /* Constants.swift in Sources */ = {isa = PBXBuildFile; fileRef = 329714A725B85A05000107F5 /* Constants.swift */; };
		329714AB25B86AB1000107F5 /* HomeViewModel.swift in Sources */ = {isa = PBXBuildFile; fileRef = 329714AA25B86AB1000107F5 /* HomeViewModel.swift */; };
		329714AE25B871E4000107F5 /* NewsItem.swift in Sources */ = {isa = PBXBuildFile; fileRef = 329714AD25B871E4000107F5 /* NewsItem.swift */; };
		329714B325B873D7000107F5 /* RemoteImage.swift in Sources */ = {isa = PBXBuildFile; fileRef = 329714B225B873D7000107F5 /* RemoteImage.swift */; };
		329714B625B8791B000107F5 /* NewsRow.swift in Sources */ = {isa = PBXBuildFile; fileRef = 329714B525B8791B000107F5 /* NewsRow.swift */; };
		32BD748D25B74AA80011E7C7 /* NewsyyyApp.swift in Sources */ = {isa = PBXBuildFile; fileRef = 32BD748C25B74AA80011E7C7 /* NewsyyyApp.swift */; };
		32BD748F25B74AA80011E7C7 /* HomeView.swift in Sources */ = {isa = PBXBuildFile; fileRef = 32BD748E25B74AA80011E7C7 /* HomeView.swift */; };
		32BD749125B74AA90011E7C7 /* Assets.xcassets in Resources */ = {isa = PBXBuildFile; fileRef = 32BD749025B74AA90011E7C7 /* Assets.xcassets */; };
		32BD749425B74AA90011E7C7 /* Preview Assets.xcassets in Resources */ = {isa = PBXBuildFile; fileRef = 32BD749325B74AA90011E7C7 /* Preview Assets.xcassets */; };
/* End PBXBuildFile section */

/* Begin PBXFileReference section */
		323F1FE925B892E200C8C84F /* SourcesService.swift */ = {isa = PBXFileReference; lastKnownFileType = sourcecode.swift; path = SourcesService.swift; sourceTree = "<group>"; };
		323F1FEE25B8959800C8C84F /* SourcePill.swift */ = {isa = PBXFileReference; lastKnownFileType = sourcecode.swift; path = SourcePill.swift; sourceTree = "<group>"; };
		323F1FF325B895C500C8C84F /* SourcesCollection.swift */ = {isa = PBXFileReference; lastKnownFileType = sourcecode.swift; path = SourcesCollection.swift; sourceTree = "<group>"; };
		3269CB8825B74E0100E8E37F /* TabbedView.swift */ = {isa = PBXFileReference; lastKnownFileType = sourcecode.swift; path = TabbedView.swift; sourceTree = "<group>"; };
		3269CB8C25B74F1B00E8E37F /* SettingsView.swift */ = {isa = PBXFileReference; lastKnownFileType = sourcecode.swift; path = SettingsView.swift; sourceTree = "<group>"; };
		327D7EBF25BC8C7E00FF5CC0 /* BaseViewModel.swift */ = {isa = PBXFileReference; lastKnownFileType = sourcecode.swift; path = BaseViewModel.swift; sourceTree = "<group>"; };
		327D7EC725BC94F000FF5CC0 /* SettingsViewModel.swift */ = {isa = PBXFileReference; lastKnownFileType = sourcecode.swift; path = SettingsViewModel.swift; sourceTree = "<group>"; };
		327D7ECA25BC95DF00FF5CC0 /* DataStore.swift */ = {isa = PBXFileReference; lastKnownFileType = sourcecode.swift; path = DataStore.swift; sourceTree = "<group>"; };
		327D7ECD25BC9E8900FF5CC0 /* SelectCountryView.swift */ = {isa = PBXFileReference; lastKnownFileType = sourcecode.swift; path = SelectCountryView.swift; sourceTree = "<group>"; };
		327D7ED025BC9E9200FF5CC0 /* SelectCountryViewModel.swift */ = {isa = PBXFileReference; lastKnownFileType = sourcecode.swift; path = SelectCountryViewModel.swift; sourceTree = "<group>"; };
		327D7ED525BCA22300FF5CC0 /* SelectSourceView.swift */ = {isa = PBXFileReference; lastKnownFileType = sourcecode.swift; path = SelectSourceView.swift; sourceTree = "<group>"; };
		327D7EDA25BCA24800FF5CC0 /* SelectLanguageView.swift */ = {isa = PBXFileReference; lastKnownFileType = sourcecode.swift; path = SelectLanguageView.swift; sourceTree = "<group>"; };
		3288E6D525BB531A0011C986 /* Alerts.swift */ = {isa = PBXFileReference; lastKnownFileType = sourcecode.swift; path = Alerts.swift; sourceTree = "<group>"; };
		3297149425B856CF000107F5 /* Source.swift */ = {isa = PBXFileReference; lastKnownFileType = sourcecode.swift; path = Source.swift; sourceTree = "<group>"; };
		3297149725B856F3000107F5 /* Article.swift */ = {isa = PBXFileReference; lastKnownFileType = sourcecode.swift; path = Article.swift; sourceTree = "<group>"; };
		3297149A25B85708000107F5 /* Responses.swift */ = {isa = PBXFileReference; lastKnownFileType = sourcecode.swift; path = Responses.swift; sourceTree = "<group>"; };
		3297149D25B85810000107F5 /* HeadlinesService.swift */ = {isa = PBXFileReference; lastKnownFileType = sourcecode.swift; path = HeadlinesService.swift; sourceTree = "<group>"; };
		329714A325B858E4000107F5 /* EndPoints.swift */ = {isa = PBXFileReference; lastKnownFileType = sourcecode.swift; path = EndPoints.swift; sourceTree = "<group>"; };
		329714A725B85A05000107F5 /* Constants.swift */ = {isa = PBXFileReference; lastKnownFileType = sourcecode.swift; path = Constants.swift; sourceTree = "<group>"; };
		329714AA25B86AB1000107F5 /* HomeViewModel.swift */ = {isa = PBXFileReference; lastKnownFileType = sourcecode.swift; path = HomeViewModel.swift; sourceTree = "<group>"; };
		329714AD25B871E4000107F5 /* NewsItem.swift */ = {isa = PBXFileReference; lastKnownFileType = sourcecode.swift; path = NewsItem.swift; sourceTree = "<group>"; };
		329714B225B873D7000107F5 /* RemoteImage.swift */ = {isa = PBXFileReference; lastKnownFileType = sourcecode.swift; path = RemoteImage.swift; sourceTree = "<group>"; };
		329714B525B8791B000107F5 /* NewsRow.swift */ = {isa = PBXFileReference; lastKnownFileType = sourcecode.swift; path = NewsRow.swift; sourceTree = "<group>"; };
		32BD748925B74AA80011E7C7 /* Newsyyy.app */ = {isa = PBXFileReference; explicitFileType = wrapper.application; includeInIndex = 0; path = Newsyyy.app; sourceTree = BUILT_PRODUCTS_DIR; };
		32BD748C25B74AA80011E7C7 /* NewsyyyApp.swift */ = {isa = PBXFileReference; lastKnownFileType = sourcecode.swift; path = NewsyyyApp.swift; sourceTree = "<group>"; };
		32BD748E25B74AA80011E7C7 /* HomeView.swift */ = {isa = PBXFileReference; lastKnownFileType = sourcecode.swift; path = HomeView.swift; sourceTree = "<group>"; };
		32BD749025B74AA90011E7C7 /* Assets.xcassets */ = {isa = PBXFileReference; lastKnownFileType = folder.assetcatalog; path = Assets.xcassets; sourceTree = "<group>"; };
		32BD749325B74AA90011E7C7 /* Preview Assets.xcassets */ = {isa = PBXFileReference; lastKnownFileType = folder.assetcatalog; path = "Preview Assets.xcassets"; sourceTree = "<group>"; };
		32BD749525B74AA90011E7C7 /* Info.plist */ = {isa = PBXFileReference; lastKnownFileType = text.plist.xml; path = Info.plist; sourceTree = "<group>"; };
/* End PBXFileReference section */

/* Begin PBXFrameworksBuildPhase section */
		32BD748625B74AA80011E7C7 /* Frameworks */ = {
			isa = PBXFrameworksBuildPhase;
			buildActionMask = 2147483647;
			files = (
			);
			runOnlyForDeploymentPostprocessing = 0;
		};
/* End PBXFrameworksBuildPhase section */

/* Begin PBXGroup section */
		323F1FF125B895A000C8C84F /* Sources */ = {
			isa = PBXGroup;
			children = (
				323F1FF325B895C500C8C84F /* SourcesCollection.swift */,
				323F1FEE25B8959800C8C84F /* SourcePill.swift */,
			);
			path = Sources;
			sourceTree = "<group>";
		};
		3269CB8525B74DA000E8E37F /* Views */ = {
			isa = PBXGroup;
			children = (
				3269CB8825B74E0100E8E37F /* TabbedView.swift */,
				329714B925B88B91000107F5 /* Home */,
				329714BB25B88B9A000107F5 /* Settings */,
			);
			path = Views;
			sourceTree = "<group>";
		};
		327D7ED325BC9EA100FF5CC0 /* Select Country */ = {
			isa = PBXGroup;
			children = (
				327D7ECD25BC9E8900FF5CC0 /* SelectCountryView.swift */,
				327D7ED025BC9E9200FF5CC0 /* SelectCountryViewModel.swift */,
			);
			path = "Select Country";
			sourceTree = "<group>";
		};
		327D7ED825BCA22700FF5CC0 /* Select Source */ = {
			isa = PBXGroup;
			children = (
				327D7ED525BCA22300FF5CC0 /* SelectSourceView.swift */,
			);
			path = "Select Source";
			sourceTree = "<group>";
		};
		327D7EDD25BCA25500FF5CC0 /* Select Language */ = {
			isa = PBXGroup;
			children = (
				327D7EDA25BCA24800FF5CC0 /* SelectLanguageView.swift */,
			);
			path = "Select Language";
			sourceTree = "<group>";
		};
		3288E6D425BB51B80011C986 /* Utils */ = {
			isa = PBXGroup;
			children = (
				329714A725B85A05000107F5 /* Constants.swift */,
				3288E6D525BB531A0011C986 /* Alerts.swift */,
				327D7EBF25BC8C7E00FF5CC0 /* BaseViewModel.swift */,
				327D7ECA25BC95DF00FF5CC0 /* DataStore.swift */,
			);
			path = Utils;
			sourceTree = "<group>";
		};
		3297149325B8562F000107F5 /* Models */ = {
			isa = PBXGroup;
			children = (
				3297149425B856CF000107F5 /* Source.swift */,
				3297149725B856F3000107F5 /* Article.swift */,
				3297149A25B85708000107F5 /* Responses.swift */,
			);
			path = Models;
			sourceTree = "<group>";
		};
		329714A025B85813000107F5 /* Services */ = {
			isa = PBXGroup;
			children = (
				3297149D25B85810000107F5 /* HeadlinesService.swift */,
				323F1FE925B892E200C8C84F /* SourcesService.swift */,
				329714A325B858E4000107F5 /* EndPoints.swift */,
			);
			path = Services;
			sourceTree = "<group>";
		};
		329714B025B8734B000107F5 /* News */ = {
			isa = PBXGroup;
			children = (
				329714B525B8791B000107F5 /* NewsRow.swift */,
				329714AD25B871E4000107F5 /* NewsItem.swift */,
			);
			path = News;
			sourceTree = "<group>";
		};
		329714B925B88B91000107F5 /* Home */ = {
			isa = PBXGroup;
			children = (
				32BD748E25B74AA80011E7C7 /* HomeView.swift */,
				329714AA25B86AB1000107F5 /* HomeViewModel.swift */,
				329714B025B8734B000107F5 /* News */,
				323F1FF125B895A000C8C84F /* Sources */,
			);
			path = Home;
			sourceTree = "<group>";
		};
		329714BB25B88B9A000107F5 /* Settings */ = {
			isa = PBXGroup;
			children = (
				3269CB8C25B74F1B00E8E37F /* SettingsView.swift */,
				327D7EC725BC94F000FF5CC0 /* SettingsViewModel.swift */,
				327D7ED325BC9EA100FF5CC0 /* Select Country */,
				327D7ED825BCA22700FF5CC0 /* Select Source */,
				327D7EDD25BCA25500FF5CC0 /* Select Language */,
			);
			path = Settings;
			sourceTree = "<group>";
		};
		329714BD25B88BB6000107F5 /* Custom Views */ = {
			isa = PBXGroup;
			children = (
				329714B225B873D7000107F5 /* RemoteImage.swift */,
			);
			path = "Custom Views";
			sourceTree = "<group>";
		};
		32BD748025B74AA70011E7C7 = {
			isa = PBXGroup;
			children = (
				32BD748B25B74AA80011E7C7 /* Newsyyy */,
				32BD748A25B74AA80011E7C7 /* Products */,
			);
			sourceTree = "<group>";
		};
		32BD748A25B74AA80011E7C7 /* Products */ = {
			isa = PBXGroup;
			children = (
				32BD748925B74AA80011E7C7 /* Newsyyy.app */,
			);
			name = Products;
			sourceTree = "<group>";
		};
		32BD748B25B74AA80011E7C7 /* Newsyyy */ = {
			isa = PBXGroup;
			children = (
				3269CB8525B74DA000E8E37F /* Views */,
				329714BD25B88BB6000107F5 /* Custom Views */,
				3297149325B8562F000107F5 /* Models */,
				329714A025B85813000107F5 /* Services */,
				3288E6D425BB51B80011C986 /* Utils */,
				32BD748C25B74AA80011E7C7 /* NewsyyyApp.swift */,
				32BD749025B74AA90011E7C7 /* Assets.xcassets */,
				32BD749525B74AA90011E7C7 /* Info.plist */,
				32BD749225B74AA90011E7C7 /* Preview Content */,
			);
			path = Newsyyy;
			sourceTree = "<group>";
		};
		32BD749225B74AA90011E7C7 /* Preview Content */ = {
			isa = PBXGroup;
			children = (
				32BD749325B74AA90011E7C7 /* Preview Assets.xcassets */,
			);
			path = "Preview Content";
			sourceTree = "<group>";
		};
/* End PBXGroup section */

/* Begin PBXNativeTarget section */
		32BD748825B74AA80011E7C7 /* Newsyyy */ = {
			isa = PBXNativeTarget;
			buildConfigurationList = 32BD749825B74AA90011E7C7 /* Build configuration list for PBXNativeTarget "Newsyyy" */;
			buildPhases = (
				32BD748525B74AA80011E7C7 /* Sources */,
				32BD748625B74AA80011E7C7 /* Frameworks */,
				32BD748725B74AA80011E7C7 /* Resources */,
			);
			buildRules = (
			);
			dependencies = (
			);
			name = Newsyyy;
			productName = Newsyyy;
			productReference = 32BD748925B74AA80011E7C7 /* Newsyyy.app */;
			productType = "com.apple.product-type.application";
		};
/* End PBXNativeTarget section */

/* Begin PBXProject section */
		32BD748125B74AA70011E7C7 /* Project object */ = {
			isa = PBXProject;
			attributes = {
				LastSwiftUpdateCheck = 1230;
				LastUpgradeCheck = 1230;
				TargetAttributes = {
					32BD748825B74AA80011E7C7 = {
						CreatedOnToolsVersion = 12.3;
					};
				};
			};
			buildConfigurationList = 32BD748425B74AA70011E7C7 /* Build configuration list for PBXProject "Newsyyy" */;
			compatibilityVersion = "Xcode 9.3";
			developmentRegion = en;
			hasScannedForEncodings = 0;
			knownRegions = (
				en,
				Base,
			);
			mainGroup = 32BD748025B74AA70011E7C7;
			productRefGroup = 32BD748A25B74AA80011E7C7 /* Products */;
			projectDirPath = "";
			projectRoot = "";
			targets = (
				32BD748825B74AA80011E7C7 /* Newsyyy */,
			);
		};
/* End PBXProject section */

/* Begin PBXResourcesBuildPhase section */
		32BD748725B74AA80011E7C7 /* Resources */ = {
			isa = PBXResourcesBuildPhase;
			buildActionMask = 2147483647;
			files = (
				32BD749425B74AA90011E7C7 /* Preview Assets.xcassets in Resources */,
				32BD749125B74AA90011E7C7 /* Assets.xcassets in Resources */,
			);
			runOnlyForDeploymentPostprocessing = 0;
		};
/* End PBXResourcesBuildPhase section */

/* Begin PBXSourcesBuildPhase section */
		32BD748525B74AA80011E7C7 /* Sources */ = {
			isa = PBXSourcesBuildPhase;
			buildActionMask = 2147483647;
			files = (
				32BD748F25B74AA80011E7C7 /* HomeView.swift in Sources */,
				329714AE25B871E4000107F5 /* NewsItem.swift in Sources */,
				329714AB25B86AB1000107F5 /* HomeViewModel.swift in Sources */,
				329714A425B858E4000107F5 /* EndPoints.swift in Sources */,
				3269CB8D25B74F1B00E8E37F /* SettingsView.swift in Sources */,
				327D7ED625BCA22300FF5CC0 /* SelectSourceView.swift in Sources */,
				329714B625B8791B000107F5 /* NewsRow.swift in Sources */,
				323F1FEA25B892E200C8C84F /* SourcesService.swift in Sources */,
				327D7ECB25BC95DF00FF5CC0 /* DataStore.swift in Sources */,
				3297149825B856F3000107F5 /* Article.swift in Sources */,
				327D7ED125BC9E9200FF5CC0 /* SelectCountryViewModel.swift in Sources */,
				323F1FF425B895C500C8C84F /* SourcesCollection.swift in Sources */,
				329714B325B873D7000107F5 /* RemoteImage.swift in Sources */,
				3269CB8925B74E0100E8E37F /* TabbedView.swift in Sources */,
				327D7EDB25BCA24800FF5CC0 /* SelectLanguageView.swift in Sources */,
				329714A825B85A05000107F5 /* Constants.swift in Sources */,
				327D7ECE25BC9E8900FF5CC0 /* SelectCountryView.swift in Sources */,
				3297149525B856CF000107F5 /* Source.swift in Sources */,
				32BD748D25B74AA80011E7C7 /* NewsyyyApp.swift in Sources */,
				327D7EC025BC8C7E00FF5CC0 /* BaseViewModel.swift in Sources */,
				327D7EC825BC94F000FF5CC0 /* SettingsViewModel.swift in Sources */,
				323F1FEF25B8959800C8C84F /* SourcePill.swift in Sources */,
				3297149B25B85708000107F5 /* Responses.swift in Sources */,
				3288E6D625BB531A0011C986 /* Alerts.swift in Sources */,
				3297149E25B85810000107F5 /* HeadlinesService.swift in Sources */,
			);
			runOnlyForDeploymentPostprocessing = 0;
		};
/* End PBXSourcesBuildPhase section */

/* Begin XCBuildConfiguration section */
		32BD749625B74AA90011E7C7 /* Debug */ = {
			isa = XCBuildConfiguration;
			buildSettings = {
				ALWAYS_SEARCH_USER_PATHS = NO;
				CLANG_ANALYZER_NONNULL = YES;
				CLANG_ANALYZER_NUMBER_OBJECT_CONVERSION = YES_AGGRESSIVE;
				CLANG_CXX_LANGUAGE_STANDARD = "gnu++14";
				CLANG_CXX_LIBRARY = "libc++";
				CLANG_ENABLE_MODULES = YES;
				CLANG_ENABLE_OBJC_ARC = YES;
				CLANG_ENABLE_OBJC_WEAK = YES;
				CLANG_WARN_BLOCK_CAPTURE_AUTORELEASING = YES;
				CLANG_WARN_BOOL_CONVERSION = YES;
				CLANG_WARN_COMMA = YES;
				CLANG_WARN_CONSTANT_CONVERSION = YES;
				CLANG_WARN_DEPRECATED_OBJC_IMPLEMENTATIONS = YES;
				CLANG_WARN_DIRECT_OBJC_ISA_USAGE = YES_ERROR;
				CLANG_WARN_DOCUMENTATION_COMMENTS = YES;
				CLANG_WARN_EMPTY_BODY = YES;
				CLANG_WARN_ENUM_CONVERSION = YES;
				CLANG_WARN_INFINITE_RECURSION = YES;
				CLANG_WARN_INT_CONVERSION = YES;
				CLANG_WARN_NON_LITERAL_NULL_CONVERSION = YES;
				CLANG_WARN_OBJC_IMPLICIT_RETAIN_SELF = YES;
				CLANG_WARN_OBJC_LITERAL_CONVERSION = YES;
				CLANG_WARN_OBJC_ROOT_CLASS = YES_ERROR;
				CLANG_WARN_QUOTED_INCLUDE_IN_FRAMEWORK_HEADER = YES;
				CLANG_WARN_RANGE_LOOP_ANALYSIS = YES;
				CLANG_WARN_STRICT_PROTOTYPES = YES;
				CLANG_WARN_SUSPICIOUS_MOVE = YES;
				CLANG_WARN_UNGUARDED_AVAILABILITY = YES_AGGRESSIVE;
				CLANG_WARN_UNREACHABLE_CODE = YES;
				CLANG_WARN__DUPLICATE_METHOD_MATCH = YES;
				COPY_PHASE_STRIP = NO;
				DEBUG_INFORMATION_FORMAT = dwarf;
				ENABLE_STRICT_OBJC_MSGSEND = YES;
				ENABLE_TESTABILITY = YES;
				GCC_C_LANGUAGE_STANDARD = gnu11;
				GCC_DYNAMIC_NO_PIC = NO;
				GCC_NO_COMMON_BLOCKS = YES;
				GCC_OPTIMIZATION_LEVEL = 0;
				GCC_PREPROCESSOR_DEFINITIONS = (
					"DEBUG=1",
					"$(inherited)",
				);
				GCC_WARN_64_TO_32_BIT_CONVERSION = YES;
				GCC_WARN_ABOUT_RETURN_TYPE = YES_ERROR;
				GCC_WARN_UNDECLARED_SELECTOR = YES;
				GCC_WARN_UNINITIALIZED_AUTOS = YES_AGGRESSIVE;
				GCC_WARN_UNUSED_FUNCTION = YES;
				GCC_WARN_UNUSED_VARIABLE = YES;
				IPHONEOS_DEPLOYMENT_TARGET = 14.3;
				MTL_ENABLE_DEBUG_INFO = INCLUDE_SOURCE;
				MTL_FAST_MATH = YES;
				ONLY_ACTIVE_ARCH = YES;
				SDKROOT = iphoneos;
				SWIFT_ACTIVE_COMPILATION_CONDITIONS = DEBUG;
				SWIFT_OPTIMIZATION_LEVEL = "-Onone";
			};
			name = Debug;
		};
		32BD749725B74AA90011E7C7 /* Release */ = {
			isa = XCBuildConfiguration;
			buildSettings = {
				ALWAYS_SEARCH_USER_PATHS = NO;
				CLANG_ANALYZER_NONNULL = YES;
				CLANG_ANALYZER_NUMBER_OBJECT_CONVERSION = YES_AGGRESSIVE;
				CLANG_CXX_LANGUAGE_STANDARD = "gnu++14";
				CLANG_CXX_LIBRARY = "libc++";
				CLANG_ENABLE_MODULES = YES;
				CLANG_ENABLE_OBJC_ARC = YES;
				CLANG_ENABLE_OBJC_WEAK = YES;
				CLANG_WARN_BLOCK_CAPTURE_AUTORELEASING = YES;
				CLANG_WARN_BOOL_CONVERSION = YES;
				CLANG_WARN_COMMA = YES;
				CLANG_WARN_CONSTANT_CONVERSION = YES;
				CLANG_WARN_DEPRECATED_OBJC_IMPLEMENTATIONS = YES;
				CLANG_WARN_DIRECT_OBJC_ISA_USAGE = YES_ERROR;
				CLANG_WARN_DOCUMENTATION_COMMENTS = YES;
				CLANG_WARN_EMPTY_BODY = YES;
				CLANG_WARN_ENUM_CONVERSION = YES;
				CLANG_WARN_INFINITE_RECURSION = YES;
				CLANG_WARN_INT_CONVERSION = YES;
				CLANG_WARN_NON_LITERAL_NULL_CONVERSION = YES;
				CLANG_WARN_OBJC_IMPLICIT_RETAIN_SELF = YES;
				CLANG_WARN_OBJC_LITERAL_CONVERSION = YES;
				CLANG_WARN_OBJC_ROOT_CLASS = YES_ERROR;
				CLANG_WARN_QUOTED_INCLUDE_IN_FRAMEWORK_HEADER = YES;
				CLANG_WARN_RANGE_LOOP_ANALYSIS = YES;
				CLANG_WARN_STRICT_PROTOTYPES = YES;
				CLANG_WARN_SUSPICIOUS_MOVE = YES;
				CLANG_WARN_UNGUARDED_AVAILABILITY = YES_AGGRESSIVE;
				CLANG_WARN_UNREACHABLE_CODE = YES;
				CLANG_WARN__DUPLICATE_METHOD_MATCH = YES;
				COPY_PHASE_STRIP = NO;
				DEBUG_INFORMATION_FORMAT = "dwarf-with-dsym";
				ENABLE_NS_ASSERTIONS = NO;
				ENABLE_STRICT_OBJC_MSGSEND = YES;
				GCC_C_LANGUAGE_STANDARD = gnu11;
				GCC_NO_COMMON_BLOCKS = YES;
				GCC_WARN_64_TO_32_BIT_CONVERSION = YES;
				GCC_WARN_ABOUT_RETURN_TYPE = YES_ERROR;
				GCC_WARN_UNDECLARED_SELECTOR = YES;
				GCC_WARN_UNINITIALIZED_AUTOS = YES_AGGRESSIVE;
				GCC_WARN_UNUSED_FUNCTION = YES;
				GCC_WARN_UNUSED_VARIABLE = YES;
				IPHONEOS_DEPLOYMENT_TARGET = 14.3;
				MTL_ENABLE_DEBUG_INFO = NO;
				MTL_FAST_MATH = YES;
				SDKROOT = iphoneos;
				SWIFT_COMPILATION_MODE = wholemodule;
				SWIFT_OPTIMIZATION_LEVEL = "-O";
				VALIDATE_PRODUCT = YES;
			};
			name = Release;
		};
		32BD749925B74AA90011E7C7 /* Debug */ = {
			isa = XCBuildConfiguration;
			buildSettings = {
				ASSETCATALOG_COMPILER_APPICON_NAME = AppIcon;
				ASSETCATALOG_COMPILER_GLOBAL_ACCENT_COLOR_NAME = AccentColor;
				CODE_SIGN_STYLE = Automatic;
				DEVELOPMENT_ASSET_PATHS = "\"Newsyyy/Preview Content\"";
				DEVELOPMENT_TEAM = YQVQ6JM6BC;
				ENABLE_PREVIEWS = YES;
				INFOPLIST_FILE = Newsyyy/Info.plist;
				IPHONEOS_DEPLOYMENT_TARGET = 14.0;
				LD_RUNPATH_SEARCH_PATHS = (
					"$(inherited)",
					"@executable_path/Frameworks",
				);
				MARKETING_VERSION = 0.0.1;
				PRODUCT_BUNDLE_IDENTIFIER = lk.pa.Newsyyy;
				PRODUCT_NAME = "$(TARGET_NAME)";
				SWIFT_VERSION = 5.0;
				TARGETED_DEVICE_FAMILY = 1;
			};
			name = Debug;
		};
		32BD749A25B74AA90011E7C7 /* Release */ = {
			isa = XCBuildConfiguration;
			buildSettings = {
				ASSETCATALOG_COMPILER_APPICON_NAME = AppIcon;
				ASSETCATALOG_COMPILER_GLOBAL_ACCENT_COLOR_NAME = AccentColor;
				CODE_SIGN_STYLE = Automatic;
				DEVELOPMENT_ASSET_PATHS = "\"Newsyyy/Preview Content\"";
				DEVELOPMENT_TEAM = YQVQ6JM6BC;
				ENABLE_PREVIEWS = YES;
				INFOPLIST_FILE = Newsyyy/Info.plist;
				IPHONEOS_DEPLOYMENT_TARGET = 14.0;
				LD_RUNPATH_SEARCH_PATHS = (
					"$(inherited)",
					"@executable_path/Frameworks",
				);
				MARKETING_VERSION = 0.0.1;
				PRODUCT_BUNDLE_IDENTIFIER = lk.pa.Newsyyy;
				PRODUCT_NAME = "$(TARGET_NAME)";
				SWIFT_VERSION = 5.0;
				TARGETED_DEVICE_FAMILY = 1;
			};
			name = Release;
		};
/* End XCBuildConfiguration section */

/* Begin XCConfigurationList section */
		32BD748425B74AA70011E7C7 /* Build configuration list for PBXProject "Newsyyy" */ = {
			isa = XCConfigurationList;
			buildConfigurations = (
				32BD749625B74AA90011E7C7 /* Debug */,
				32BD749725B74AA90011E7C7 /* Release */,
			);
			defaultConfigurationIsVisible = 0;
			defaultConfigurationName = Release;
		};
		32BD749825B74AA90011E7C7 /* Build configuration list for PBXNativeTarget "Newsyyy" */ = {
			isa = XCConfigurationList;
			buildConfigurations = (
				32BD749925B74AA90011E7C7 /* Debug */,
				32BD749A25B74AA90011E7C7 /* Release */,
			);
			defaultConfigurationIsVisible = 0;
			defaultConfigurationName = Release;
		};
/* End XCConfigurationList section */
	};
	rootObject = 32BD748125B74AA70011E7C7 /* Project object */;
}
